// !$*UTF8*$!
{
	archiveVersion = 1;
	classes = {
	};
	objectVersion = 46;
	objects = {

/* Begin PBXBuildFile section */
		C2A605261FEE6EF5001A6584 /* PokeCell.swift in Sources */ = {isa = PBXBuildFile; fileRef = C2A605251FEE6EF5001A6584 /* PokeCell.swift */; };
		C2A605281FEE9661001A6584 /* csv.swift in Sources */ = {isa = PBXBuildFile; fileRef = C2A605271FEE9661001A6584 /* csv.swift */; };
		C2FA51DE1FE6B7F300E8B1D5 /* AppDelegate.swift in Sources */ = {isa = PBXBuildFile; fileRef = C2FA51DD1FE6B7F300E8B1D5 /* AppDelegate.swift */; };
		C2FA51E01FE6B7F300E8B1D5 /* ViewController.swift in Sources */ = {isa = PBXBuildFile; fileRef = C2FA51DF1FE6B7F300E8B1D5 /* ViewController.swift */; };
		C2FA51E31FE6B7F300E8B1D5 /* Main.storyboard in Resources */ = {isa = PBXBuildFile; fileRef = C2FA51E11FE6B7F300E8B1D5 /* Main.storyboard */; };
		C2FA51E51FE6B7F300E8B1D5 /* Assets.xcassets in Resources */ = {isa = PBXBuildFile; fileRef = C2FA51E41FE6B7F300E8B1D5 /* Assets.xcassets */; };
		C2FA51E81FE6B7F300E8B1D5 /* LaunchScreen.storyboard in Resources */ = {isa = PBXBuildFile; fileRef = C2FA51E61FE6B7F300E8B1D5 /* LaunchScreen.storyboard */; };
		C2FA51F01FE6B90E00E8B1D5 /* pokemon.csv in Resources */ = {isa = PBXBuildFile; fileRef = C2FA51EF1FE6B90E00E8B1D5 /* pokemon.csv */; };
		C2FA51F31FE6BBA500E8B1D5 /* Pokemon.swift in Sources */ = {isa = PBXBuildFile; fileRef = C2FA51F21FE6BBA500E8B1D5 /* Pokemon.swift */; };
/* End PBXBuildFile section */

/* Begin PBXFileReference section */
		C2A605251FEE6EF5001A6584 /* PokeCell.swift */ = {isa = PBXFileReference; fileEncoding = 4; lastKnownFileType = sourcecode.swift; path = PokeCell.swift; sourceTree = "<group>"; };
		C2A605271FEE9661001A6584 /* csv.swift */ = {isa = PBXFileReference; fileEncoding = 4; lastKnownFileType = sourcecode.swift; path = csv.swift; sourceTree = "<group>"; };
		C2FA51DA1FE6B7F300E8B1D5 /* pokeman3.app */ = {isa = PBXFileReference; explicitFileType = wrapper.application; includeInIndex = 0; path = pokeman3.app; sourceTree = BUILT_PRODUCTS_DIR; };
		C2FA51DD1FE6B7F300E8B1D5 /* AppDelegate.swift */ = {isa = PBXFileReference; lastKnownFileType = sourcecode.swift; path = AppDelegate.swift; sourceTree = "<group>"; };
		C2FA51DF1FE6B7F300E8B1D5 /* ViewController.swift */ = {isa = PBXFileReference; lastKnownFileType = sourcecode.swift; path = ViewController.swift; sourceTree = "<group>"; };
		C2FA51E21FE6B7F300E8B1D5 /* Base */ = {isa = PBXFileReference; lastKnownFileType = file.storyboard; name = Base; path = Base.lproj/Main.storyboard; sourceTree = "<group>"; };
		C2FA51E41FE6B7F300E8B1D5 /* Assets.xcassets */ = {isa = PBXFileReference; lastKnownFileType = folder.assetcatalog; path = Assets.xcassets; sourceTree = "<group>"; };
		C2FA51E71FE6B7F300E8B1D5 /* Base */ = {isa = PBXFileReference; lastKnownFileType = file.storyboard; name = Base; path = Base.lproj/LaunchScreen.storyboard; sourceTree = "<group>"; };
		C2FA51E91FE6B7F300E8B1D5 /* Info.plist */ = {isa = PBXFileReference; lastKnownFileType = text.plist.xml; path = Info.plist; sourceTree = "<group>"; };
		C2FA51EF1FE6B90E00E8B1D5 /* pokemon.csv */ = {isa = PBXFileReference; fileEncoding = 4; lastKnownFileType = text; path = pokemon.csv; sourceTree = "<group>"; };
		C2FA51F21FE6BBA500E8B1D5 /* Pokemon.swift */ = {isa = PBXFileReference; fileEncoding = 4; lastKnownFileType = sourcecode.swift; path = Pokemon.swift; sourceTree = "<group>"; };
/* End PBXFileReference section */

/* Begin PBXFrameworksBuildPhase section */
		C2FA51D71FE6B7F300E8B1D5 /* Frameworks */ = {
			isa = PBXFrameworksBuildPhase;
			buildActionMask = 2147483647;
			files = (
			);
			runOnlyForDeploymentPostprocessing = 0;
		};
/* End PBXFrameworksBuildPhase section */

/* Begin PBXGroup section */
		C2A605241FEE6E9F001A6584 /* View */ = {
			isa = PBXGroup;
			children = (
				C2A605251FEE6EF5001A6584 /* PokeCell.swift */,
			);
			name = View;
			sourceTree = "<group>";
		};
		C2FA51D11FE6B7F300E8B1D5 = {
			isa = PBXGroup;
			children = (
				C2FA51DC1FE6B7F300E8B1D5 /* pokeman3 */,
				C2FA51DB1FE6B7F300E8B1D5 /* Products */,
			);
			sourceTree = "<group>";
		};
		C2FA51DB1FE6B7F300E8B1D5 /* Products */ = {
			isa = PBXGroup;
			children = (
				C2FA51DA1FE6B7F300E8B1D5 /* pokeman3.app */,
			);
			name = Products;
			sourceTree = "<group>";
		};
		C2FA51DC1FE6B7F300E8B1D5 /* pokeman3 */ = {
			isa = PBXGroup;
			children = (
				C2A605241FEE6E9F001A6584 /* View */,
				C2FA51F11FE6BB6600E8B1D5 /* Model */,
				C2FA51DD1FE6B7F300E8B1D5 /* AppDelegate.swift */,
				C2FA51DF1FE6B7F300E8B1D5 /* ViewController.swift */,
				C2FA51E11FE6B7F300E8B1D5 /* Main.storyboard */,
				C2FA51EF1FE6B90E00E8B1D5 /* pokemon.csv */,
				C2A605271FEE9661001A6584 /* csv.swift */,
				C2FA51E41FE6B7F300E8B1D5 /* Assets.xcassets */,
				C2FA51E61FE6B7F300E8B1D5 /* LaunchScreen.storyboard */,
				C2FA51E91FE6B7F300E8B1D5 /* Info.plist */,
			);
			path = pokeman3;
			sourceTree = "<group>";
		};
		C2FA51F11FE6BB6600E8B1D5 /* Model */ = {
			isa = PBXGroup;
			children = (
				C2FA51F21FE6BBA500E8B1D5 /* Pokemon.swift */,
			);
			name = Model;
			sourceTree = "<group>";
		};
/* End PBXGroup section */

/* Begin PBXNativeTarget section */
		C2FA51D91FE6B7F300E8B1D5 /* pokeman3 */ = {
			isa = PBXNativeTarget;
			buildConfigurationList = C2FA51EC1FE6B7F300E8B1D5 /* Build configuration list for PBXNativeTarget "pokeman3" */;
			buildPhases = (
				C2FA51D61FE6B7F300E8B1D5 /* Sources */,
				C2FA51D71FE6B7F300E8B1D5 /* Frameworks */,
				C2FA51D81FE6B7F300E8B1D5 /* Resources */,
			);
			buildRules = (
			);
			dependencies = (
			);
			name = pokeman3;
			productName = pokeman3;
			productReference = C2FA51DA1FE6B7F300E8B1D5 /* pokeman3.app */;
			productType = "com.apple.product-type.application";
		};
/* End PBXNativeTarget section */

/* Begin PBXProject section */
		C2FA51D21FE6B7F300E8B1D5 /* Project object */ = {
			isa = PBXProject;
			attributes = {
				LastSwiftUpdateCheck = 0820;
				LastUpgradeCheck = 0820;
				ORGANIZATIONNAME = daniel;
				TargetAttributes = {
					C2FA51D91FE6B7F300E8B1D5 = {
						CreatedOnToolsVersion = 8.2.1;
						LastSwiftMigration = 0820;
						ProvisioningStyle = Automatic;
					};
				};
			};
			buildConfigurationList = C2FA51D51FE6B7F300E8B1D5 /* Build configuration list for PBXProject "pokeman3" */;
			compatibilityVersion = "Xcode 3.2";
			developmentRegion = English;
			hasScannedForEncodings = 0;
			knownRegions = (
				en,
				Base,
			);
			mainGroup = C2FA51D11FE6B7F300E8B1D5;
			productRefGroup = C2FA51DB1FE6B7F300E8B1D5 /* Products */;
			projectDirPath = "";
			projectRoot = "";
			targets = (
				C2FA51D91FE6B7F300E8B1D5 /* pokeman3 */,
			);
		};
/* End PBXProject section */

/* Begin PBXResourcesBuildPhase section */
		C2FA51D81FE6B7F300E8B1D5 /* Resources */ = {
			isa = PBXResourcesBuildPhase;
			buildActionMask = 2147483647;
			files = (
				C2FA51E81FE6B7F300E8B1D5 /* LaunchScreen.storyboard in Resources */,
				C2FA51E51FE6B7F300E8B1D5 /* Assets.xcassets in Resources */,
				C2FA51F01FE6B90E00E8B1D5 /* pokemon.csv in Resources */,
				C2FA51E31FE6B7F300E8B1D5 /* Main.storyboard in Resources */,
			);
			runOnlyForDeploymentPostprocessing = 0;
		};
/* End PBXResourcesBuildPhase section */

/* Begin PBXSourcesBuildPhase section */
		C2FA51D61FE6B7F300E8B1D5 /* Sources */ = {
			isa = PBXSourcesBuildPhase;
			buildActionMask = 2147483647;
			files = (
				C2A605261FEE6EF5001A6584 /* PokeCell.swift in Sources */,
				C2FA51E01FE6B7F300E8B1D5 /* ViewController.swift in Sources */,
				C2FA51DE1FE6B7F300E8B1D5 /* AppDelegate.swift in Sources */,
				C2FA51F31FE6BBA500E8B1D5 /* Pokemon.swift in Sources */,
				C2A605281FEE9661001A6584 /* csv.swift in Sources */,
			);
			runOnlyForDeploymentPostprocessing = 0;
		};
/* End PBXSourcesBuildPhase section */

/* Begin PBXVariantGroup section */
		C2FA51E11FE6B7F300E8B1D5 /* Main.storyboard */ = {
			isa = PBXVariantGroup;
			children = (
				C2FA51E21FE6B7F300E8B1D5 /* Base */,
			);
			name = Main.storyboard;
			sourceTree = "<group>";
		};
		C2FA51E61FE6B7F300E8B1D5 /* LaunchScreen.storyboard */ = {
			isa = PBXVariantGroup;
			children = (
				C2FA51E71FE6B7F300E8B1D5 /* Base */,
			);
			name = LaunchScreen.storyboard;
			sourceTree = "<group>";
		};
/* End PBXVariantGroup section */

/* Begin XCBuildConfiguration section */
		C2FA51EA1FE6B7F300E8B1D5 /* Debug */ = {
			isa = XCBuildConfiguration;
			buildSettings = {
				ALWAYS_SEARCH_USER_PATHS = NO;
				CLANG_ANALYZER_NONNULL = YES;
				CLANG_CXX_LANGUAGE_STANDARD = "gnu++0x";
				CLANG_CXX_LIBRARY = "libc++";
				CLANG_ENABLE_MODULES = YES;
				CLANG_ENABLE_OBJC_ARC = YES;
				CLANG_WARN_BOOL_CONVERSION = YES;
				CLANG_WARN_CONSTANT_CONVERSION = YES;
				CLANG_WARN_DIRECT_OBJC_ISA_USAGE = YES_ERROR;
				CLANG_WARN_DOCUMENTATION_COMMENTS = YES;
				CLANG_WARN_EMPTY_BODY = YES;
				CLANG_WARN_ENUM_CONVERSION = YES;
				CLANG_WARN_INFINITE_RECURSION = YES;
				CLANG_WARN_INT_CONVERSION = YES;
				CLANG_WARN_OBJC_ROOT_CLASS = YES_ERROR;
				CLANG_WARN_SUSPICIOUS_MOVE = YES;
				CLANG_WARN_UNREACHABLE_CODE = YES;
				CLANG_WARN__DUPLICATE_METHOD_MATCH = YES;
				"CODE_SIGN_IDENTITY[sdk=iphoneos*]" = "iPhone Developer";
				COPY_PHASE_STRIP = NO;
				DEBUG_INFORMATION_FORMAT = dwarf;
				ENABLE_STRICT_OBJC_MSGSEND = YES;
				ENABLE_TESTABILITY = YES;
				GCC_C_LANGUAGE_STANDARD = gnu99;
				GCC_DYNAMIC_NO_PIC = NO;
				GCC_NO_COMMON_BLOCKS = YES;
				GCC_OPTIMIZATION_LEVEL = 0;
				GCC_PREPROCESSOR_DEFINITIONS = (
					"DEBUG=1",
					"$(inherited)",
				);
				GCC_WARN_64_TO_32_BIT_CONVERSION = YES;
				GCC_WARN_ABOUT_RETURN_TYPE = YES_ERROR;
				GCC_WARN_UNDECLARED_SELECTOR = YES;
				GCC_WARN_UNINITIALIZED_AUTOS = YES_AGGRESSIVE;
				GCC_WARN_UNUSED_FUNCTION = YES;
				GCC_WARN_UNUSED_VARIABLE = YES;
				IPHONEOS_DEPLOYMENT_TARGET = 10.2;
				MTL_ENABLE_DEBUG_INFO = YES;
				ONLY_ACTIVE_ARCH = YES;
				SDKROOT = iphoneos;
				SWIFT_ACTIVE_COMPILATION_CONDITIONS = DEBUG;
				SWIFT_OPTIMIZATION_LEVEL = "-Onone";
			};
			name = Debug;
		};
		C2FA51EB1FE6B7F300E8B1D5 /* Release */ = {
			isa = XCBuildConfiguration;
			buildSettings = {
				ALWAYS_SEARCH_USER_PATHS = NO;
				CLANG_ANALYZER_NONNULL = YES;
				CLANG_CXX_LANGUAGE_STANDARD = "gnu++0x";
				CLANG_CXX_LIBRARY = "libc++";
				CLANG_ENABLE_MODULES = YES;
				CLANG_ENABLE_OBJC_ARC = YES;
				CLANG_WARN_BOOL_CONVERSION = YES;
				CLANG_WARN_CONSTANT_CONVERSION = YES;
				CLANG_WARN_DIRECT_OBJC_ISA_USAGE = YES_ERROR;
				CLANG_WARN_DOCUMENTATION_COMMENTS = YES;
				CLANG_WARN_EMPTY_BODY = YES;
				CLANG_WARN_ENUM_CONVERSION = YES;
				CLANG_WARN_INFINITE_RECURSION = YES;
				CLANG_WARN_INT_CONVERSION = YES;
				CLANG_WARN_OBJC_ROOT_CLASS = YES_ERROR;
				CLANG_WARN_SUSPICIOUS_MOVE = YES;
				CLANG_WARN_UNREACHABLE_CODE = YES;
				CLANG_WARN__DUPLICATE_METHOD_MATCH = YES;
				"CODE_SIGN_IDENTITY[sdk=iphoneos*]" = "iPhone Developer";
				COPY_PHASE_STRIP = NO;
				DEBUG_INFORMATION_FORMAT = "dwarf-with-dsym";
				ENABLE_NS_ASSERTIONS = NO;
				ENABLE_STRICT_OBJC_MSGSEND = YES;
				GCC_C_LANGUAGE_STANDARD = gnu99;
				GCC_NO_COMMON_BLOCKS = YES;
				GCC_WARN_64_TO_32_BIT_CONVERSION = YES;
				GCC_WARN_ABOUT_RETURN_TYPE = YES_ERROR;
				GCC_WARN_UNDECLARED_SELECTOR = YES;
				GCC_WARN_UNINITIALIZED_AUTOS = YES_AGGRESSIVE;
				GCC_WARN_UNUSED_FUNCTION = YES;
				GCC_WARN_UNUSED_VARIABLE = YES;
				IPHONEOS_DEPLOYMENT_TARGET = 10.2;
				MTL_ENABLE_DEBUG_INFO = NO;
				SDKROOT = iphoneos;
				SWIFT_OPTIMIZATION_LEVEL = "-Owholemodule";
				VALIDATE_PRODUCT = YES;
			};
			name = Release;
		};
		C2FA51ED1FE6B7F300E8B1D5 /* Debug */ = {
			isa = XCBuildConfiguration;
			buildSettings = {
				ASSETCATALOG_COMPILER_APPICON_NAME = AppIcon;
				INFOPLIST_FILE = pokeman3/Info.plist;
				LD_RUNPATH_SEARCH_PATHS = "$(inherited) @executable_path/Frameworks";
				PRODUCT_BUNDLE_IDENTIFIER = daniel.pokeman3;
				PRODUCT_NAME = "$(TARGET_NAME)";
				SWIFT_VERSION = 3.0;
			};
			name = Debug;
		};
		C2FA51EE1FE6B7F300E8B1D5 /* Release */ = {
			isa = XCBuildConfiguration;
			buildSettings = {
				ASSETCATALOG_COMPILER_APPICON_NAME = AppIcon;
				INFOPLIST_FILE = pokeman3/Info.plist;
				LD_RUNPATH_SEARCH_PATHS = "$(inherited) @executable_path/Frameworks";
				PRODUCT_BUNDLE_IDENTIFIER = daniel.pokeman3;
				PRODUCT_NAME = "$(TARGET_NAME)";
				SWIFT_VERSION = 3.0;
			};
			name = Release;
		};
/* End XCBuildConfiguration section */

/* Begin XCConfigurationList section */
		C2FA51D51FE6B7F300E8B1D5 /* Build configuration list for PBXProject "pokeman3" */ = {
			isa = XCConfigurationList;
			buildConfigurations = (
				C2FA51EA1FE6B7F300E8B1D5 /* Debug */,
				C2FA51EB1FE6B7F300E8B1D5 /* Release */,
			);
			defaultConfigurationIsVisible = 0;
			defaultConfigurationName = Release;
		};
		C2FA51EC1FE6B7F300E8B1D5 /* Build configuration list for PBXNativeTarget "pokeman3" */ = {
			isa = XCConfigurationList;
			buildConfigurations = (
				C2FA51ED1FE6B7F300E8B1D5 /* Debug */,
				C2FA51EE1FE6B7F300E8B1D5 /* Release */,
			);
			defaultConfigurationIsVisible = 0;
			defaultConfigurationName = Release;
		};
/* End XCConfigurationList section */
	};
	rootObject = C2FA51D21FE6B7F300E8B1D5 /* Project object */;
}
